
Microsoft Visual Studio Solution File, Format Version 12.00
# Visual Studio Version 17
VisualStudioVersion = 17.0.31903.59
MinimumVisualStudioVersion = 10.0.40219.1
Project("{2150E333-8FDC-42A3-9474-1A3956D46DE8}") = "SDKs", "SDKs", "{344E44A1-5306-4C6A-AC59-466830C6FED8}"
EndProject
Project("{FAE04EC0-301F-11D3-BF4B-00C04F79EFBC}") = "WishDem.Common.Sdk", "src\SDKs\WishDem.Common.Sdk\WishDem.Common.Sdk.csproj", "{1BA4109B-850F-49E8-9C34-8558BC870B6F}"
EndProject
Project("{FAE04EC0-301F-11D3-BF4B-00C04F79EFBC}") = "WishDem.Postgres.Sdk", "src\SDKs\WishDem.Postgres.Sdk\WishDem.Postgres.Sdk.csproj", "{4ED62BC0-E988-4559-8A67-2918AD9E8263}"
EndProject
Project("{FAE04EC0-301F-11D3-BF4B-00C04F79EFBC}") = "WishDem.Cache.Sdk", "src\SDKs\WishDem.Cache.Sdk\WishDem.Cache.Sdk.csproj", "{0732E2C5-EBD2-415E-A21B-2B1F05E6CF8B}"
EndProject
Project("{FAE04EC0-301F-11D3-BF4B-00C04F79EFBC}") = "WishDem.Messaging.Sdk", "src\SDKs\WishDem.Messaging.Sdk\WishDem.Messaging.Sdk.csproj", "{8E4403BE-3FDE-46CF-9A33-D0607ADF3763}"
EndProject
Project("{2150E333-8FDC-42A3-9474-1A3956D46DE8}") = "APIs", "APIs", "{E5CCCA0F-2855-4833-858B-06814DB5FCCF}"
EndProject
Project("{FAE04EC0-301F-11D3-BF4B-00C04F79EFBC}") = "WishDem.Customer.Api", "src\APIs\WishDem.Customer.Api\WishDem.Customer.Api.csproj", "{5CA6B631-16EF-4803-988D-FE7C57E1FD45}"
EndProject
Project("{FAE04EC0-301F-11D3-BF4B-00C04F79EFBC}") = "WishDem.Admin.Api", "src\APIs\WishDem.Admin.Api\WishDem.Admin.Api.csproj", "{F98F9EF6-37B7-41A9-AC6E-9E8DBBCA4B60}"
EndProject
Project("{2150E333-8FDC-42A3-9474-1A3956D46DE8}") = "tests", "tests", "{A75F8155-42D4-48FC-B409-6C695FD302F9}"
EndProject
Project("{FAE04EC0-301F-11D3-BF4B-00C04F79EFBC}") = "WishDem.Common.Sdk.Tests", "tests\WishDem.Common.Sdk.Tests\WishDem.Common.Sdk.Tests.csproj", "{D73B0F43-DF88-47D0-B489-ABC94002DF99}"
EndProject
Project("{FAE04EC0-301F-11D3-BF4B-00C04F79EFBC}") = "WishDem.Postgres.Sdk.Tests", "tests\WishDem.Postgres.Sdk.Tests\WishDem.Postgres.Sdk.Tests.csproj", "{2F8B3140-F402-4ADB-961D-07F2BA9EA89C}"
EndProject
Project("{FAE04EC0-301F-11D3-BF4B-00C04F79EFBC}") = "WishDem.Customer.Api.Tests", "tests\WishDem.Customer.Api.Tests\WishDem.Customer.Api.Tests.csproj", "{6F7A87F1-D230-4C0A-8650-3C8B79133FB9}"
EndProject
Project("{FAE04EC0-301F-11D3-BF4B-00C04F79EFBC}") = "WishDem.Admin.Api.Tests", "tests\WishDem.Admin.Api.Tests\WishDem.Admin.Api.Tests.csproj", "{7A43F1AF-7C19-4559-B947-C8E618173739}"
EndProject
Project("{FAE04EC0-301F-11D3-BF4B-00C04F79EFBC}") = "WishDem.Messaging.Sdk.Tests", "tests\WishDem.Messaging.Sdk.Tests\WishDem.Messaging.Sdk.Tests.csproj", "{F7B0368F-75C6-4E11-8409-BA75AA4E2DB4}"
EndProject
Project("{FAE04EC0-301F-11D3-BF4B-00C04F79EFBC}") = "WishDem.Storage.Sdk", "src\SDKs\WishDem.Storage.Sdk\WishDem.Storage.Sdk.csproj", "{B04C899C-46B2-4A57-86AD-F032933D6261}"
EndProject
Project("{2150E333-8FDC-42A3-9474-1A3956D46DE8}") = "src", "src", "{B66CD8CD-0D4F-46EB-9E36-54F67D723B9A}"
EndProject
Project("{FAE04EC0-301F-11D3-BF4B-00C04F79EFBC}") = "WishDem.Actors.Sdk", "src\SDKs\WishDem.Actors.Sdk\WishDem.Actors.Sdk.csproj", "{50360817-0A63-4017-98DC-B8F0BF2B8575}"
EndProject
Project("{FAE04EC0-301F-11D3-BF4B-00C04F79EFBC}") = "WishDem.Actors.Sdk.Tests", "tests\WishDem.Actors.Sdk.Tests\WishDem.Actors.Sdk.Tests.csproj", "{BC94362D-F0F1-430D-AF26-8B7B448C7C6A}"
EndProject
Global
	GlobalSection(SolutionConfigurationPlatforms) = preSolution
		Debug|Any CPU = Debug|Any CPU
		Release|Any CPU = Release|Any CPU
	EndGlobalSection
	GlobalSection(SolutionProperties) = preSolution
		HideSolutionNode = FALSE
	EndGlobalSection
	GlobalSection(ProjectConfigurationPlatforms) = postSolution
		{1BA4109B-850F-49E8-9C34-8558BC870B6F}.Debug|Any CPU.ActiveCfg = Debug|Any CPU
		{1BA4109B-850F-49E8-9C34-8558BC870B6F}.Debug|Any CPU.Build.0 = Debug|Any CPU
		{1BA4109B-850F-49E8-9C34-8558BC870B6F}.Release|Any CPU.ActiveCfg = Release|Any CPU
		{1BA4109B-850F-49E8-9C34-8558BC870B6F}.Release|Any CPU.Build.0 = Release|Any CPU
		{4ED62BC0-E988-4559-8A67-2918AD9E8263}.Debug|Any CPU.ActiveCfg = Debug|Any CPU
		{4ED62BC0-E988-4559-8A67-2918AD9E8263}.Debug|Any CPU.Build.0 = Debug|Any CPU
		{4ED62BC0-E988-4559-8A67-2918AD9E8263}.Release|Any CPU.ActiveCfg = Release|Any CPU
		{4ED62BC0-E988-4559-8A67-2918AD9E8263}.Release|Any CPU.Build.0 = Release|Any CPU
		{0732E2C5-EBD2-415E-A21B-2B1F05E6CF8B}.Debug|Any CPU.ActiveCfg = Debug|Any CPU
		{0732E2C5-EBD2-415E-A21B-2B1F05E6CF8B}.Debug|Any CPU.Build.0 = Debug|Any CPU
		{0732E2C5-EBD2-415E-A21B-2B1F05E6CF8B}.Release|Any CPU.ActiveCfg = Release|Any CPU
		{0732E2C5-EBD2-415E-A21B-2B1F05E6CF8B}.Release|Any CPU.Build.0 = Release|Any CPU
		{8E4403BE-3FDE-46CF-9A33-D0607ADF3763}.Debug|Any CPU.ActiveCfg = Debug|Any CPU
		{8E4403BE-3FDE-46CF-9A33-D0607ADF3763}.Debug|Any CPU.Build.0 = Debug|Any CPU
		{8E4403BE-3FDE-46CF-9A33-D0607ADF3763}.Release|Any CPU.ActiveCfg = Release|Any CPU
		{8E4403BE-3FDE-46CF-9A33-D0607ADF3763}.Release|Any CPU.Build.0 = Release|Any CPU
		{5CA6B631-16EF-4803-988D-FE7C57E1FD45}.Debug|Any CPU.ActiveCfg = Debug|Any CPU
		{5CA6B631-16EF-4803-988D-FE7C57E1FD45}.Debug|Any CPU.Build.0 = Debug|Any CPU
		{5CA6B631-16EF-4803-988D-FE7C57E1FD45}.Release|Any CPU.ActiveCfg = Release|Any CPU
		{5CA6B631-16EF-4803-988D-FE7C57E1FD45}.Release|Any CPU.Build.0 = Release|Any CPU
		{F98F9EF6-37B7-41A9-AC6E-9E8DBBCA4B60}.Debug|Any CPU.ActiveCfg = Debug|Any CPU
		{F98F9EF6-37B7-41A9-AC6E-9E8DBBCA4B60}.Debug|Any CPU.Build.0 = Debug|Any CPU
		{F98F9EF6-37B7-41A9-AC6E-9E8DBBCA4B60}.Release|Any CPU.ActiveCfg = Release|Any CPU
		{F98F9EF6-37B7-41A9-AC6E-9E8DBBCA4B60}.Release|Any CPU.Build.0 = Release|Any CPU
		{D73B0F43-DF88-47D0-B489-ABC94002DF99}.Debug|Any CPU.ActiveCfg = Debug|Any CPU
		{D73B0F43-DF88-47D0-B489-ABC94002DF99}.Debug|Any CPU.Build.0 = Debug|Any CPU
		{D73B0F43-DF88-47D0-B489-ABC94002DF99}.Release|Any CPU.ActiveCfg = Release|Any CPU
		{D73B0F43-DF88-47D0-B489-ABC94002DF99}.Release|Any CPU.Build.0 = Release|Any CPU
		{2F8B3140-F402-4ADB-961D-07F2BA9EA89C}.Debug|Any CPU.ActiveCfg = Debug|Any CPU
		{2F8B3140-F402-4ADB-961D-07F2BA9EA89C}.Debug|Any CPU.Build.0 = Debug|Any CPU
		{2F8B3140-F402-4ADB-961D-07F2BA9EA89C}.Release|Any CPU.ActiveCfg = Release|Any CPU
		{2F8B3140-F402-4ADB-961D-07F2BA9EA89C}.Release|Any CPU.Build.0 = Release|Any CPU
		{6F7A87F1-D230-4C0A-8650-3C8B79133FB9}.Debug|Any CPU.ActiveCfg = Debug|Any CPU
		{6F7A87F1-D230-4C0A-8650-3C8B79133FB9}.Debug|Any CPU.Build.0 = Debug|Any CPU
		{6F7A87F1-D230-4C0A-8650-3C8B79133FB9}.Release|Any CPU.ActiveCfg = Release|Any CPU
		{6F7A87F1-D230-4C0A-8650-3C8B79133FB9}.Release|Any CPU.Build.0 = Release|Any CPU
		{7A43F1AF-7C19-4559-B947-C8E618173739}.Debug|Any CPU.ActiveCfg = Debug|Any CPU
		{7A43F1AF-7C19-4559-B947-C8E618173739}.Debug|Any CPU.Build.0 = Debug|Any CPU
		{7A43F1AF-7C19-4559-B947-C8E618173739}.Release|Any CPU.ActiveCfg = Release|Any CPU
		{7A43F1AF-7C19-4559-B947-C8E618173739}.Release|Any CPU.Build.0 = Release|Any CPU
		{F7B0368F-75C6-4E11-8409-BA75AA4E2DB4}.Debug|Any CPU.ActiveCfg = Debug|Any CPU
		{F7B0368F-75C6-4E11-8409-BA75AA4E2DB4}.Debug|Any CPU.Build.0 = Debug|Any CPU
		{F7B0368F-75C6-4E11-8409-BA75AA4E2DB4}.Release|Any CPU.ActiveCfg = Release|Any CPU
		{F7B0368F-75C6-4E11-8409-BA75AA4E2DB4}.Release|Any CPU.Build.0 = Release|Any CPU
		{B04C899C-46B2-4A57-86AD-F032933D6261}.Debug|Any CPU.ActiveCfg = Debug|Any CPU
		{B04C899C-46B2-4A57-86AD-F032933D6261}.Debug|Any CPU.Build.0 = Debug|Any CPU
		{B04C899C-46B2-4A57-86AD-F032933D6261}.Release|Any CPU.ActiveCfg = Release|Any CPU
		{B04C899C-46B2-4A57-86AD-F032933D6261}.Release|Any CPU.Build.0 = Release|Any CPU
		{50360817-0A63-4017-98DC-B8F0BF2B8575}.Debug|Any CPU.ActiveCfg = Debug|Any CPU
		{50360817-0A63-4017-98DC-B8F0BF2B8575}.Debug|Any CPU.Build.0 = Debug|Any CPU
		{50360817-0A63-4017-98DC-B8F0BF2B8575}.Release|Any CPU.ActiveCfg = Release|Any CPU
		{50360817-0A63-4017-98DC-B8F0BF2B8575}.Release|Any CPU.Build.0 = Release|Any CPU
		{BC94362D-F0F1-430D-AF26-8B7B448C7C6A}.Debug|Any CPU.ActiveCfg = Debug|Any CPU
		{BC94362D-F0F1-430D-AF26-8B7B448C7C6A}.Debug|Any CPU.Build.0 = Debug|Any CPU
		{BC94362D-F0F1-430D-AF26-8B7B448C7C6A}.Release|Any CPU.ActiveCfg = Release|Any CPU
		{BC94362D-F0F1-430D-AF26-8B7B448C7C6A}.Release|Any CPU.Build.0 = Release|Any CPU
	EndGlobalSection
	GlobalSection(NestedProjects) = preSolution
		{1BA4109B-850F-49E8-9C34-8558BC870B6F} = {344E44A1-5306-4C6A-AC59-466830C6FED8}
		{4ED62BC0-E988-4559-8A67-2918AD9E8263} = {344E44A1-5306-4C6A-AC59-466830C6FED8}
		{0732E2C5-EBD2-415E-A21B-2B1F05E6CF8B} = {344E44A1-5306-4C6A-AC59-466830C6FED8}
		{8E4403BE-3FDE-46CF-9A33-D0607ADF3763} = {344E44A1-5306-4C6A-AC59-466830C6FED8}
		{5CA6B631-16EF-4803-988D-FE7C57E1FD45} = {E5CCCA0F-2855-4833-858B-06814DB5FCCF}
		{F98F9EF6-37B7-41A9-AC6E-9E8DBBCA4B60} = {E5CCCA0F-2855-4833-858B-06814DB5FCCF}
		{D73B0F43-DF88-47D0-B489-ABC94002DF99} = {A75F8155-42D4-48FC-B409-6C695FD302F9}
		{2F8B3140-F402-4ADB-961D-07F2BA9EA89C} = {A75F8155-42D4-48FC-B409-6C695FD302F9}
		{6F7A87F1-D230-4C0A-8650-3C8B79133FB9} = {A75F8155-42D4-48FC-B409-6C695FD302F9}
		{7A43F1AF-7C19-4559-B947-C8E618173739} = {A75F8155-42D4-48FC-B409-6C695FD302F9}
		{F7B0368F-75C6-4E11-8409-BA75AA4E2DB4} = {A75F8155-42D4-48FC-B409-6C695FD302F9}
		{B04C899C-46B2-4A57-86AD-F032933D6261} = {344E44A1-5306-4C6A-AC59-466830C6FED8}
		{E5CCCA0F-2855-4833-858B-06814DB5FCCF} = {B66CD8CD-0D4F-46EB-9E36-54F67D723B9A}
		{344E44A1-5306-4C6A-AC59-466830C6FED8} = {B66CD8CD-0D4F-46EB-9E36-54F67D723B9A}
		{50360817-0A63-4017-98DC-B8F0BF2B8575} = {344E44A1-5306-4C6A-AC59-466830C6FED8}
		{BC94362D-F0F1-430D-AF26-8B7B448C7C6A} = {A75F8155-42D4-48FC-B409-6C695FD302F9}
	EndGlobalSection
EndGlobal
